
Microsoft Visual Studio Solution File, Format Version 12.00
# Visual Studio Version 16
VisualStudioVersion = 16.0.31702.278
MinimumVisualStudioVersion = 10.0.40219.1
Project("{FAE04EC0-301F-11D3-BF4B-00C04F79EFBC}") = "RsMotores.Web", "RsMotores.Web\RsMotores.Web.csproj", "{60134EE2-8190-4AE8-8C0E-35AFA9CD4D0F}"
EndProject
Global
	GlobalSection(SolutionConfigurationPlatforms) = preSolution
		Debug|Any CPU = Debug|Any CPU
		Release|Any CPU = Release|Any CPU
	EndGlobalSection
	GlobalSection(ProjectConfigurationPlatforms) = postSolution
		{60134EE2-8190-4AE8-8C0E-35AFA9CD4D0F}.Debug|Any CPU.ActiveCfg = Debug|Any CPU
		{60134EE2-8190-4AE8-8C0E-35AFA9CD4D0F}.Debug|Any CPU.Build.0 = Debug|Any CPU
		{60134EE2-8190-4AE8-8C0E-35AFA9CD4D0F}.Release|Any CPU.ActiveCfg = Release|Any CPU
		{60134EE2-8190-4AE8-8C0E-35AFA9CD4D0F}.Release|Any CPU.Build.0 = Release|Any CPU
	EndGlobalSection
	GlobalSection(SolutionProperties) = preSolution
		HideSolutionNode = FALSE
	EndGlobalSection
	GlobalSection(ExtensibilityGlobals) = postSolution
		SolutionGuid = {A9697DEE-2FF8-449C-8425-74E3FB447FF6}
	EndGlobalSection
EndGlobal
